
Microsoft Visual Studio Solution File, Format Version 12.00
# Visual Studio Version 17
VisualStudioVersion = 17.14.36930.0
MinimumVisualStudioVersion = 10.0.40219.1
Project("{FAE04EC0-301F-11D3-BF4B-00C04F79EFBC}") = "Atlantik", "Atlantik\Atlantik.csproj", "{CE2DA74E-DBBC-4C69-BF60-2D1616A0E3A0}"
EndProject
Project("{2150E333-8FDC-42A3-9474-1A3956D46DE8}") = "Éléments de solution", "Éléments de solution", "{378C85E8-0512-4714-8DDB-1AEEAB93484F}"
	ProjectSection(SolutionItems) = preProject
		.gitignore = .gitignore
	EndProjectSection
EndProject
Global
	GlobalSection(SolutionConfigurationPlatforms) = preSolution
		Debug|Any CPU = Debug|Any CPU
		Release|Any CPU = Release|Any CPU
	EndGlobalSection
	GlobalSection(ProjectConfigurationPlatforms) = postSolution
		{CE2DA74E-DBBC-4C69-BF60-2D1616A0E3A0}.Debug|Any CPU.ActiveCfg = Debug|Any CPU
		{CE2DA74E-DBBC-4C69-BF60-2D1616A0E3A0}.Debug|Any CPU.Build.0 = Debug|Any CPU
		{CE2DA74E-DBBC-4C69-BF60-2D1616A0E3A0}.Release|Any CPU.ActiveCfg = Release|Any CPU
		{CE2DA74E-DBBC-4C69-BF60-2D1616A0E3A0}.Release|Any CPU.Build.0 = Release|Any CPU
	EndGlobalSection
	GlobalSection(SolutionProperties) = preSolution
		HideSolutionNode = FALSE
	EndGlobalSection
	GlobalSection(ExtensibilityGlobals) = postSolution
		SolutionGuid = {19ADEA4F-5B56-4F37-A6AF-F691EF9F066E}
	EndGlobalSection
EndGlobal
